// !$*UTF8*$!
{
	archiveVersion = 1;
	classes = {
	};
	objectVersion = 50;
	objects = {

/* Begin PBXBuildFile section */
		7F2102EB224B19E7002F3D74 /* AppDelegate.m in Sources */ = {isa = PBXBuildFile; fileRef = 7F2102EA224B19E7002F3D74 /* AppDelegate.m */; };
		7F2102EE224B19E7002F3D74 /* ViewController.m in Sources */ = {isa = PBXBuildFile; fileRef = 7F2102ED224B19E7002F3D74 /* ViewController.m */; };
		7F2102F1224B19E7002F3D74 /* Main.storyboard in Resources */ = {isa = PBXBuildFile; fileRef = 7F2102EF224B19E7002F3D74 /* Main.storyboard */; };
		7F2102F3224B19E8002F3D74 /* Assets.xcassets in Resources */ = {isa = PBXBuildFile; fileRef = 7F2102F2224B19E8002F3D74 /* Assets.xcassets */; };
		7F2102F6224B19E8002F3D74 /* LaunchScreen.storyboard in Resources */ = {isa = PBXBuildFile; fileRef = 7F2102F4224B19E8002F3D74 /* LaunchScreen.storyboard */; };
		7F2102F9224B19E8002F3D74 /* main.m in Sources */ = {isa = PBXBuildFile; fileRef = 7F2102F8224B19E8002F3D74 /* main.m */; };
		7F210303224B19E8002F3D74 /* GithubDemoTests.m in Sources */ = {isa = PBXBuildFile; fileRef = 7F210302224B19E8002F3D74 /* GithubDemoTests.m */; };
		7F21030E224B19E8002F3D74 /* GithubDemoUITests.m in Sources */ = {isa = PBXBuildFile; fileRef = 7F21030D224B19E8002F3D74 /* GithubDemoUITests.m */; };
		7F21031D224B1B91002F3D74 /* GameViewController.m in Sources */ = {isa = PBXBuildFile; fileRef = 7F21031C224B1B91002F3D74 /* GameViewController.m */; };
/* End PBXBuildFile section */

/* Begin PBXContainerItemProxy section */
		7F2102FF224B19E8002F3D74 /* PBXContainerItemProxy */ = {
			isa = PBXContainerItemProxy;
			containerPortal = 7F2102DE224B19E7002F3D74 /* Project object */;
			proxyType = 1;
			remoteGlobalIDString = 7F2102E5224B19E7002F3D74;
			remoteInfo = GithubDemo;
		};
		7F21030A224B19E8002F3D74 /* PBXContainerItemProxy */ = {
			isa = PBXContainerItemProxy;
			containerPortal = 7F2102DE224B19E7002F3D74 /* Project object */;
			proxyType = 1;
			remoteGlobalIDString = 7F2102E5224B19E7002F3D74;
			remoteInfo = GithubDemo;
		};
/* End PBXContainerItemProxy section */

/* Begin PBXFileReference section */
		7F2102E6224B19E7002F3D74 /* GithubDemo.app */ = {isa = PBXFileReference; explicitFileType = wrapper.application; includeInIndex = 0; path = GithubDemo.app; sourceTree = BUILT_PRODUCTS_DIR; };
		7F2102E9224B19E7002F3D74 /* AppDelegate.h */ = {isa = PBXFileReference; lastKnownFileType = sourcecode.c.h; path = AppDelegate.h; sourceTree = "<group>"; };
		7F2102EA224B19E7002F3D74 /* AppDelegate.m */ = {isa = PBXFileReference; lastKnownFileType = sourcecode.c.objc; path = AppDelegate.m; sourceTree = "<group>"; };
		7F2102EC224B19E7002F3D74 /* ViewController.h */ = {isa = PBXFileReference; lastKnownFileType = sourcecode.c.h; path = ViewController.h; sourceTree = "<group>"; };
		7F2102ED224B19E7002F3D74 /* ViewController.m */ = {isa = PBXFileReference; lastKnownFileType = sourcecode.c.objc; path = ViewController.m; sourceTree = "<group>"; };
		7F2102F0224B19E7002F3D74 /* Base */ = {isa = PBXFileReference; lastKnownFileType = file.storyboard; name = Base; path = Base.lproj/Main.storyboard; sourceTree = "<group>"; };
		7F2102F2224B19E8002F3D74 /* Assets.xcassets */ = {isa = PBXFileReference; lastKnownFileType = folder.assetcatalog; path = Assets.xcassets; sourceTree = "<group>"; };
		7F2102F5224B19E8002F3D74 /* Base */ = {isa = PBXFileReference; lastKnownFileType = file.storyboard; name = Base; path = Base.lproj/LaunchScreen.storyboard; sourceTree = "<group>"; };
		7F2102F7224B19E8002F3D74 /* Info.plist */ = {isa = PBXFileReference; lastKnownFileType = text.plist.xml; path = Info.plist; sourceTree = "<group>"; };
		7F2102F8224B19E8002F3D74 /* main.m */ = {isa = PBXFileReference; lastKnownFileType = sourcecode.c.objc; path = main.m; sourceTree = "<group>"; };
		7F2102FE224B19E8002F3D74 /* GithubDemoTests.xctest */ = {isa = PBXFileReference; explicitFileType = wrapper.cfbundle; includeInIndex = 0; path = GithubDemoTests.xctest; sourceTree = BUILT_PRODUCTS_DIR; };
		7F210302224B19E8002F3D74 /* GithubDemoTests.m */ = {isa = PBXFileReference; lastKnownFileType = sourcecode.c.objc; path = GithubDemoTests.m; sourceTree = "<group>"; };
		7F210304224B19E8002F3D74 /* Info.plist */ = {isa = PBXFileReference; lastKnownFileType = text.plist.xml; path = Info.plist; sourceTree = "<group>"; };
		7F210309224B19E8002F3D74 /* GithubDemoUITests.xctest */ = {isa = PBXFileReference; explicitFileType = wrapper.cfbundle; includeInIndex = 0; path = GithubDemoUITests.xctest; sourceTree = BUILT_PRODUCTS_DIR; };
		7F21030D224B19E8002F3D74 /* GithubDemoUITests.m */ = {isa = PBXFileReference; lastKnownFileType = sourcecode.c.objc; path = GithubDemoUITests.m; sourceTree = "<group>"; };
		7F21030F224B19E8002F3D74 /* Info.plist */ = {isa = PBXFileReference; lastKnownFileType = text.plist.xml; path = Info.plist; sourceTree = "<group>"; };
		7F21031B224B1B91002F3D74 /* GameViewController.h */ = {isa = PBXFileReference; lastKnownFileType = sourcecode.c.h; path = GameViewController.h; sourceTree = "<group>"; };
		7F21031C224B1B91002F3D74 /* GameViewController.m */ = {isa = PBXFileReference; lastKnownFileType = sourcecode.c.objc; path = GameViewController.m; sourceTree = "<group>"; };
/* End PBXFileReference section */

/* Begin PBXFrameworksBuildPhase section */
		7F2102E3224B19E7002F3D74 /* Frameworks */ = {
			isa = PBXFrameworksBuildPhase;
			buildActionMask = 2147483647;
			files = (
			);
			runOnlyForDeploymentPostprocessing = 0;
		};
		7F2102FB224B19E8002F3D74 /* Frameworks */ = {
			isa = PBXFrameworksBuildPhase;
			buildActionMask = 2147483647;
			files = (
			);
			runOnlyForDeploymentPostprocessing = 0;
		};
		7F210306224B19E8002F3D74 /* Frameworks */ = {
			isa = PBXFrameworksBuildPhase;
			buildActionMask = 2147483647;
			files = (
			);
			runOnlyForDeploymentPostprocessing = 0;
		};
/* End PBXFrameworksBuildPhase section */

/* Begin PBXGroup section */
		7F2102DD224B19E7002F3D74 = {
			isa = PBXGroup;
			children = (
				7F2102E8224B19E7002F3D74 /* GithubDemo */,
				7F210301224B19E8002F3D74 /* GithubDemoTests */,
				7F21030C224B19E8002F3D74 /* GithubDemoUITests */,
				7F2102E7224B19E7002F3D74 /* Products */,
			);
			sourceTree = "<group>";
		};
		7F2102E7224B19E7002F3D74 /* Products */ = {
			isa = PBXGroup;
			children = (
				7F2102E6224B19E7002F3D74 /* GithubDemo.app */,
				7F2102FE224B19E8002F3D74 /* GithubDemoTests.xctest */,
				7F210309224B19E8002F3D74 /* GithubDemoUITests.xctest */,
			);
			name = Products;
			sourceTree = "<group>";
		};
		7F2102E8224B19E7002F3D74 /* GithubDemo */ = {
			isa = PBXGroup;
			children = (
				7F2102E9224B19E7002F3D74 /* AppDelegate.h */,
				7F2102EA224B19E7002F3D74 /* AppDelegate.m */,
				7F2102EC224B19E7002F3D74 /* ViewController.h */,
				7F2102ED224B19E7002F3D74 /* ViewController.m */,
				7F2102EF224B19E7002F3D74 /* Main.storyboard */,
				7F2102F2224B19E8002F3D74 /* Assets.xcassets */,
				7F2102F4224B19E8002F3D74 /* LaunchScreen.storyboard */,
				7F2102F7224B19E8002F3D74 /* Info.plist */,
				7F2102F8224B19E8002F3D74 /* main.m */,
				7F21031B224B1B91002F3D74 /* GameViewController.h */,
				7F21031C224B1B91002F3D74 /* GameViewController.m */,
			);
			path = GithubDemo;
			sourceTree = "<group>";
		};
		7F210301224B19E8002F3D74 /* GithubDemoTests */ = {
			isa = PBXGroup;
			children = (
				7F210302224B19E8002F3D74 /* GithubDemoTests.m */,
				7F210304224B19E8002F3D74 /* Info.plist */,
			);
			path = GithubDemoTests;
			sourceTree = "<group>";
		};
		7F21030C224B19E8002F3D74 /* GithubDemoUITests */ = {
			isa = PBXGroup;
			children = (
				7F21030D224B19E8002F3D74 /* GithubDemoUITests.m */,
				7F21030F224B19E8002F3D74 /* Info.plist */,
			);
			path = GithubDemoUITests;
			sourceTree = "<group>";
		};
/* End PBXGroup section */

/* Begin PBXNativeTarget section */
		7F2102E5224B19E7002F3D74 /* GithubDemo */ = {
			isa = PBXNativeTarget;
			buildConfigurationList = 7F210312224B19E8002F3D74 /* Build configuration list for PBXNativeTarget "GithubDemo" */;
			buildPhases = (
				7F2102E2224B19E7002F3D74 /* Sources */,
				7F2102E3224B19E7002F3D74 /* Frameworks */,
				7F2102E4224B19E7002F3D74 /* Resources */,
			);
			buildRules = (
			);
			dependencies = (
			);
			name = GithubDemo;
			productName = GithubDemo;
			productReference = 7F2102E6224B19E7002F3D74 /* GithubDemo.app */;
			productType = "com.apple.product-type.application";
		};
		7F2102FD224B19E8002F3D74 /* GithubDemoTests */ = {
			isa = PBXNativeTarget;
			buildConfigurationList = 7F210315224B19E8002F3D74 /* Build configuration list for PBXNativeTarget "GithubDemoTests" */;
			buildPhases = (
				7F2102FA224B19E8002F3D74 /* Sources */,
				7F2102FB224B19E8002F3D74 /* Frameworks */,
				7F2102FC224B19E8002F3D74 /* Resources */,
			);
			buildRules = (
			);
			dependencies = (
				7F210300224B19E8002F3D74 /* PBXTargetDependency */,
			);
			name = GithubDemoTests;
			productName = GithubDemoTests;
			productReference = 7F2102FE224B19E8002F3D74 /* GithubDemoTests.xctest */;
			productType = "com.apple.product-type.bundle.unit-test";
		};
		7F210308224B19E8002F3D74 /* GithubDemoUITests */ = {
			isa = PBXNativeTarget;
			buildConfigurationList = 7F210318224B19E8002F3D74 /* Build configuration list for PBXNativeTarget "GithubDemoUITests" */;
			buildPhases = (
				7F210305224B19E8002F3D74 /* Sources */,
				7F210306224B19E8002F3D74 /* Frameworks */,
				7F210307224B19E8002F3D74 /* Resources */,
			);
			buildRules = (
			);
			dependencies = (
				7F21030B224B19E8002F3D74 /* PBXTargetDependency */,
			);
			name = GithubDemoUITests;
			productName = GithubDemoUITests;
			productReference = 7F210309224B19E8002F3D74 /* GithubDemoUITests.xctest */;
			productType = "com.apple.product-type.bundle.ui-testing";
		};
/* End PBXNativeTarget section */

/* Begin PBXProject section */
		7F2102DE224B19E7002F3D74 /* Project object */ = {
			isa = PBXProject;
			attributes = {
				LastUpgradeCheck = 1010;
				ORGANIZATIONNAME = "众忆捷科技";
				TargetAttributes = {
					7F2102E5224B19E7002F3D74 = {
						CreatedOnToolsVersion = 10.1;
					};
					7F2102FD224B19E8002F3D74 = {
						CreatedOnToolsVersion = 10.1;
						TestTargetID = 7F2102E5224B19E7002F3D74;
					};
					7F210308224B19E8002F3D74 = {
						CreatedOnToolsVersion = 10.1;
						TestTargetID = 7F2102E5224B19E7002F3D74;
					};
				};
			};
			buildConfigurationList = 7F2102E1224B19E7002F3D74 /* Build configuration list for PBXProject "GithubDemo" */;
			compatibilityVersion = "Xcode 9.3";
			developmentRegion = en;
			hasScannedForEncodings = 0;
			knownRegions = (
				en,
				Base,
			);
			mainGroup = 7F2102DD224B19E7002F3D74;
			productRefGroup = 7F2102E7224B19E7002F3D74 /* Products */;
			projectDirPath = "";
			projectRoot = "";
			targets = (
				7F2102E5224B19E7002F3D74 /* GithubDemo */,
				7F2102FD224B19E8002F3D74 /* GithubDemoTests */,
				7F210308224B19E8002F3D74 /* GithubDemoUITests */,
			);
		};
/* End PBXProject section */

/* Begin PBXResourcesBuildPhase section */
		7F2102E4224B19E7002F3D74 /* Resources */ = {
			isa = PBXResourcesBuildPhase;
			buildActionMask = 2147483647;
			files = (
				7F2102F6224B19E8002F3D74 /* LaunchScreen.storyboard in Resources */,
				7F2102F3224B19E8002F3D74 /* Assets.xcassets in Resources */,
				7F2102F1224B19E7002F3D74 /* Main.storyboard in Resources */,
			);
			runOnlyForDeploymentPostprocessing = 0;
		};
		7F2102FC224B19E8002F3D74 /* Resources */ = {
			isa = PBXResourcesBuildPhase;
			buildActionMask = 2147483647;
			files = (
			);
			runOnlyForDeploymentPostprocessing = 0;
		};
		7F210307224B19E8002F3D74 /* Resources */ = {
			isa = PBXResourcesBuildPhase;
			buildActionMask = 2147483647;
			files = (
			);
			runOnlyForDeploymentPostprocessing = 0;
		};
/* End PBXResourcesBuildPhase section */

/* Begin PBXSourcesBuildPhase section */
		7F2102E2224B19E7002F3D74 /* Sources */ = {
			isa = PBXSourcesBuildPhase;
			buildActionMask = 2147483647;
			files = (
				7F21031D224B1B91002F3D74 /* GameViewController.m in Sources */,
				7F2102EE224B19E7002F3D74 /* ViewController.m in Sources */,
				7F2102F9224B19E8002F3D74 /* main.m in Sources */,
				7F2102EB224B19E7002F3D74 /* AppDelegate.m in Sources */,
			);
			runOnlyForDeploymentPostprocessing = 0;
		};
		7F2102FA224B19E8002F3D74 /* Sources */ = {
			isa = PBXSourcesBuildPhase;
			buildActionMask = 2147483647;
			files = (
				7F210303224B19E8002F3D74 /* GithubDemoTests.m in Sources */,
			);
			runOnlyForDeploymentPostprocessing = 0;
		};
		7F210305224B19E8002F3D74 /* Sources */ = {
			isa = PBXSourcesBuildPhase;
			buildActionMask = 2147483647;
			files = (
				7F21030E224B19E8002F3D74 /* GithubDemoUITests.m in Sources */,
			);
			runOnlyForDeploymentPostprocessing = 0;
		};
/* End PBXSourcesBuildPhase section */

/* Begin PBXTargetDependency section */
		7F210300224B19E8002F3D74 /* PBXTargetDependency */ = {
			isa = PBXTargetDependency;
			target = 7F2102E5224B19E7002F3D74 /* GithubDemo */;
			targetProxy = 7F2102FF224B19E8002F3D74 /* PBXContainerItemProxy */;
		};
		7F21030B224B19E8002F3D74 /* PBXTargetDependency */ = {
			isa = PBXTargetDependency;
			target = 7F2102E5224B19E7002F3D74 /* GithubDemo */;
			targetProxy = 7F21030A224B19E8002F3D74 /* PBXContainerItemProxy */;
		};
/* End PBXTargetDependency section */

/* Begin PBXVariantGroup section */
		7F2102EF224B19E7002F3D74 /* Main.storyboard */ = {
			isa = PBXVariantGroup;
			children = (
				7F2102F0224B19E7002F3D74 /* Base */,
			);
			name = Main.storyboard;
			sourceTree = "<group>";
		};
		7F2102F4224B19E8002F3D74 /* LaunchScreen.storyboard */ = {
			isa = PBXVariantGroup;
			children = (
				7F2102F5224B19E8002F3D74 /* Base */,
			);
			name = LaunchScreen.storyboard;
			sourceTree = "<group>";
		};
/* End PBXVariantGroup section */

/* Begin XCBuildConfiguration section */
		7F210310224B19E8002F3D74 /* Debug */ = {
			isa = XCBuildConfiguration;
			buildSettings = {
				ALWAYS_SEARCH_USER_PATHS = NO;
				CLANG_ANALYZER_NONNULL = YES;
				CLANG_ANALYZER_NUMBER_OBJECT_CONVERSION = YES_AGGRESSIVE;
				CLANG_CXX_LANGUAGE_STANDARD = "gnu++14";
				CLANG_CXX_LIBRARY = "libc++";
				CLANG_ENABLE_MODULES = YES;
				CLANG_ENABLE_OBJC_ARC = YES;
				CLANG_ENABLE_OBJC_WEAK = YES;
				CLANG_WARN_BLOCK_CAPTURE_AUTORELEASING = YES;
				CLANG_WARN_BOOL_CONVERSION = YES;
				CLANG_WARN_COMMA = YES;
				CLANG_WARN_CONSTANT_CONVERSION = YES;
				CLANG_WARN_DEPRECATED_OBJC_IMPLEMENTATIONS = YES;
				CLANG_WARN_DIRECT_OBJC_ISA_USAGE = YES_ERROR;
				CLANG_WARN_DOCUMENTATION_COMMENTS = YES;
				CLANG_WARN_EMPTY_BODY = YES;
				CLANG_WARN_ENUM_CONVERSION = YES;
				CLANG_WARN_INFINITE_RECURSION = YES;
				CLANG_WARN_INT_CONVERSION = YES;
				CLANG_WARN_NON_LITERAL_NULL_CONVERSION = YES;
				CLANG_WARN_OBJC_IMPLICIT_RETAIN_SELF = YES;
				CLANG_WARN_OBJC_LITERAL_CONVERSION = YES;
				CLANG_WARN_OBJC_ROOT_CLASS = YES_ERROR;
				CLANG_WARN_RANGE_LOOP_ANALYSIS = YES;
				CLANG_WARN_STRICT_PROTOTYPES = YES;
				CLANG_WARN_SUSPICIOUS_MOVE = YES;
				CLANG_WARN_UNGUARDED_AVAILABILITY = YES_AGGRESSIVE;
				CLANG_WARN_UNREACHABLE_CODE = YES;
				CLANG_WARN__DUPLICATE_METHOD_MATCH = YES;
				CODE_SIGN_IDENTITY = "iPhone Developer";
				COPY_PHASE_STRIP = NO;
				DEBUG_INFORMATION_FORMAT = dwarf;
				ENABLE_STRICT_OBJC_MSGSEND = YES;
				ENABLE_TESTABILITY = YES;
				GCC_C_LANGUAGE_STANDARD = gnu11;
				GCC_DYNAMIC_NO_PIC = NO;
				GCC_NO_COMMON_BLOCKS = YES;
				GCC_OPTIMIZATION_LEVEL = 0;
				GCC_PREPROCESSOR_DEFINITIONS = (
					"DEBUG=1",
					"$(inherited)",
				);
				GCC_WARN_64_TO_32_BIT_CONVERSION = YES;
				GCC_WARN_ABOUT_RETURN_TYPE = YES_ERROR;
				GCC_WARN_UNDECLARED_SELECTOR = YES;
				GCC_WARN_UNINITIALIZED_AUTOS = YES_AGGRESSIVE;
				GCC_WARN_UNUSED_FUNCTION = YES;
				GCC_WARN_UNUSED_VARIABLE = YES;
				IPHONEOS_DEPLOYMENT_TARGET = 12.1;
				MTL_ENABLE_DEBUG_INFO = INCLUDE_SOURCE;
				MTL_FAST_MATH = YES;
				ONLY_ACTIVE_ARCH = YES;
				SDKROOT = iphoneos;
			};
			name = Debug;
		};
		7F210311224B19E8002F3D74 /* Release */ = {
			isa = XCBuildConfiguration;
			buildSettings = {
				ALWAYS_SEARCH_USER_PATHS = NO;
				CLANG_ANALYZER_NONNULL = YES;
				CLANG_ANALYZER_NUMBER_OBJECT_CONVERSION = YES_AGGRESSIVE;
				CLANG_CXX_LANGUAGE_STANDARD = "gnu++14";
				CLANG_CXX_LIBRARY = "libc++";
				CLANG_ENABLE_MODULES = YES;
				CLANG_ENABLE_OBJC_ARC = YES;
				CLANG_ENABLE_OBJC_WEAK = YES;
				CLANG_WARN_BLOCK_CAPTURE_AUTORELEASING = YES;
				CLANG_WARN_BOOL_CONVERSION = YES;
				CLANG_WARN_COMMA = YES;
				CLANG_WARN_CONSTANT_CONVERSION = YES;
				CLANG_WARN_DEPRECATED_OBJC_IMPLEMENTATIONS = YES;
				CLANG_WARN_DIRECT_OBJC_ISA_USAGE = YES_ERROR;
				CLANG_WARN_DOCUMENTATION_COMMENTS = YES;
				CLANG_WARN_EMPTY_BODY = YES;
				CLANG_WARN_ENUM_CONVERSION = YES;
				CLANG_WARN_INFINITE_RECURSION = YES;
				CLANG_WARN_INT_CONVERSION = YES;
				CLANG_WARN_NON_LITERAL_NULL_CONVERSION = YES;
				CLANG_WARN_OBJC_IMPLICIT_RETAIN_SELF = YES;
				CLANG_WARN_OBJC_LITERAL_CONVERSION = YES;
				CLANG_WARN_OBJC_ROOT_CLASS = YES_ERROR;
				CLANG_WARN_RANGE_LOOP_ANALYSIS = YES;
				CLANG_WARN_STRICT_PROTOTYPES = YES;
				CLANG_WARN_SUSPICIOUS_MOVE = YES;
				CLANG_WARN_UNGUARDED_AVAILABILITY = YES_AGGRESSIVE;
				CLANG_WARN_UNREACHABLE_CODE = YES;
				CLANG_WARN__DUPLICATE_METHOD_MATCH = YES;
				CODE_SIGN_IDENTITY = "iPhone Developer";
				COPY_PHASE_STRIP = NO;
				DEBUG_INFORMATION_FORMAT = "dwarf-with-dsym";
				ENABLE_NS_ASSERTIONS = NO;
				ENABLE_STRICT_OBJC_MSGSEND = YES;
				GCC_C_LANGUAGE_STANDARD = gnu11;
				GCC_NO_COMMON_BLOCKS = YES;
				GCC_WARN_64_TO_32_BIT_CONVERSION = YES;
				GCC_WARN_ABOUT_RETURN_TYPE = YES_ERROR;
				GCC_WARN_UNDECLARED_SELECTOR = YES;
				GCC_WARN_UNINITIALIZED_AUTOS = YES_AGGRESSIVE;
				GCC_WARN_UNUSED_FUNCTION = YES;
				GCC_WARN_UNUSED_VARIABLE = YES;
				IPHONEOS_DEPLOYMENT_TARGET = 12.1;
				MTL_ENABLE_DEBUG_INFO = NO;
				MTL_FAST_MATH = YES;
				SDKROOT = iphoneos;
				VALIDATE_PRODUCT = YES;
			};
			name = Release;
		};
		7F210313224B19E8002F3D74 /* Debug */ = {
			isa = XCBuildConfiguration;
			buildSettings = {
				ASSETCATALOG_COMPILER_APPICON_NAME = AppIcon;
				CODE_SIGN_STYLE = Automatic;
				INFOPLIST_FILE = GithubDemo/Info.plist;
				LD_RUNPATH_SEARCH_PATHS = (
					"$(inherited)",
					"@executable_path/Frameworks",
				);
				PRODUCT_BUNDLE_IDENTIFIER = com.flwhrt.GithubDemo;
				PRODUCT_NAME = "$(TARGET_NAME)";
				TARGETED_DEVICE_FAMILY = "1,2";
			};
			name = Debug;
		};
		7F210314224B19E8002F3D74 /* Release */ = {
			isa = XCBuildConfiguration;
			buildSettings = {
				ASSETCATALOG_COMPILER_APPICON_NAME = AppIcon;
				CODE_SIGN_STYLE = Automatic;
				INFOPLIST_FILE = GithubDemo/Info.plist;
				LD_RUNPATH_SEARCH_PATHS = (
					"$(inherited)",
					"@executable_path/Frameworks",
				);
				PRODUCT_BUNDLE_IDENTIFIER = com.flwhrt.GithubDemo;
				PRODUCT_NAME = "$(TARGET_NAME)";
				TARGETED_DEVICE_FAMILY = "1,2";
			};
			name = Release;
		};
		7F210316224B19E8002F3D74 /* Debug */ = {
			isa = XCBuildConfiguration;
			buildSettings = {
				BUNDLE_LOADER = "$(TEST_HOST)";
				CODE_SIGN_STYLE = Automatic;
				INFOPLIST_FILE = GithubDemoTests/Info.plist;
				LD_RUNPATH_SEARCH_PATHS = (
					"$(inherited)",
					"@executable_path/Frameworks",
					"@loader_path/Frameworks",
				);
				PRODUCT_BUNDLE_IDENTIFIER = com.flwhrt.GithubDemoTests;
				PRODUCT_NAME = "$(TARGET_NAME)";
				TARGETED_DEVICE_FAMILY = "1,2";
				TEST_HOST = "$(BUILT_PRODUCTS_DIR)/GithubDemo.app/GithubDemo";
			};
			name = Debug;
		};
		7F210317224B19E8002F3D74 /* Release */ = {
			isa = XCBuildConfiguration;
			buildSettings = {
				BUNDLE_LOADER = "$(TEST_HOST)";
				CODE_SIGN_STYLE = Automatic;
				INFOPLIST_FILE = GithubDemoTests/Info.plist;
				LD_RUNPATH_SEARCH_PATHS = (
					"$(inherited)",
					"@executable_path/Frameworks",
					"@loader_path/Frameworks",
				);
				PRODUCT_BUNDLE_IDENTIFIER = com.flwhrt.GithubDemoTests;
				PRODUCT_NAME = "$(TARGET_NAME)";
				TARGETED_DEVICE_FAMILY = "1,2";
				TEST_HOST = "$(BUILT_PRODUCTS_DIR)/GithubDemo.app/GithubDemo";
			};
			name = Release;
		};
		7F210319224B19E8002F3D74 /* Debug */ = {
			isa = XCBuildConfiguration;
			buildSettings = {
				CODE_SIGN_STYLE = Automatic;
				INFOPLIST_FILE = GithubDemoUITests/Info.plist;
				LD_RUNPATH_SEARCH_PATHS = (
					"$(inherited)",
					"@executable_path/Frameworks",
					"@loader_path/Frameworks",
				);
				PRODUCT_BUNDLE_IDENTIFIER = com.flwhrt.GithubDemoUITests;
				PRODUCT_NAME = "$(TARGET_NAME)";
				TARGETED_DEVICE_FAMILY = "1,2";
				TEST_TARGET_NAME = GithubDemo;
			};
			name = Debug;
		};
		7F21031A224B19E8002F3D74 /* Release */ = {
			isa = XCBuildConfiguration;
			buildSettings = {
				CODE_SIGN_STYLE = Automatic;
				INFOPLIST_FILE = GithubDemoUITests/Info.plist;
				LD_RUNPATH_SEARCH_PATHS = (
					"$(inherited)",
					"@executable_path/Frameworks",
					"@loader_path/Frameworks",
				);
				PRODUCT_BUNDLE_IDENTIFIER = com.flwhrt.GithubDemoUITests;
				PRODUCT_NAME = "$(TARGET_NAME)";
				TARGETED_DEVICE_FAMILY = "1,2";
				TEST_TARGET_NAME = GithubDemo;
			};
			name = Release;
		};
/* End XCBuildConfiguration section */

/* Begin XCConfigurationList section */
		7F2102E1224B19E7002F3D74 /* Build configuration list for PBXProject "GithubDemo" */ = {
			isa = XCConfigurationList;
			buildConfigurations = (
				7F210310224B19E8002F3D74 /* Debug */,
				7F210311224B19E8002F3D74 /* Release */,
			);
			defaultConfigurationIsVisible = 0;
			defaultConfigurationName = Release;
		};
		7F210312224B19E8002F3D74 /* Build configuration list for PBXNativeTarget "GithubDemo" */ = {
			isa = XCConfigurationList;
			buildConfigurations = (
				7F210313224B19E8002F3D74 /* Debug */,
				7F210314224B19E8002F3D74 /* Release */,
			);
			defaultConfigurationIsVisible = 0;
			defaultConfigurationName = Release;
		};
		7F210315224B19E8002F3D74 /* Build configuration list for PBXNativeTarget "GithubDemoTests" */ = {
			isa = XCConfigurationList;
			buildConfigurations = (
				7F210316224B19E8002F3D74 /* Debug */,
				7F210317224B19E8002F3D74 /* Release */,
			);
			defaultConfigurationIsVisible = 0;
			defaultConfigurationName = Release;
		};
		7F210318224B19E8002F3D74 /* Build configuration list for PBXNativeTarget "GithubDemoUITests" */ = {
			isa = XCConfigurationList;
			buildConfigurations = (
				7F210319224B19E8002F3D74 /* Debug */,
				7F21031A224B19E8002F3D74 /* Release */,
			);
			defaultConfigurationIsVisible = 0;
			defaultConfigurationName = Release;
		};
/* End XCConfigurationList section */
	};
	rootObject = 7F2102DE224B19E7002F3D74 /* Project object */;
}
